// !$*UTF8*$!
{
	archiveVersion = 1;
	classes = {
	};
	objectVersion = 46;
	objects = {

/* Begin PBXBuildFile section */
		9A48A84D1D6C57CB00C73B09 /* AppDelegate.swift in Sources */ = {isa = PBXBuildFile; fileRef = 9A48A84C1D6C57CB00C73B09 /* AppDelegate.swift */; };
		9A48A84F1D6C57CB00C73B09 /* ViewController.swift in Sources */ = {isa = PBXBuildFile; fileRef = 9A48A84E1D6C57CB00C73B09 /* ViewController.swift */; };
		9A48A8521D6C57CB00C73B09 /* Main.storyboard in Resources */ = {isa = PBXBuildFile; fileRef = 9A48A8501D6C57CB00C73B09 /* Main.storyboard */; };
		9A48A8541D6C57CB00C73B09 /* Assets.xcassets in Resources */ = {isa = PBXBuildFile; fileRef = 9A48A8531D6C57CB00C73B09 /* Assets.xcassets */; };
		9A48A8571D6C57CB00C73B09 /* LaunchScreen.storyboard in Resources */ = {isa = PBXBuildFile; fileRef = 9A48A8551D6C57CB00C73B09 /* LaunchScreen.storyboard */; };
/* End PBXBuildFile section */

/* Begin PBXFileReference section */
		9A48A8491D6C57CB00C73B09 /* web content download.app */ = {isa = PBXFileReference; explicitFileType = wrapper.application; includeInIndex = 0; path = "web content download.app"; sourceTree = BUILT_PRODUCTS_DIR; };
		9A48A84C1D6C57CB00C73B09 /* AppDelegate.swift */ = {isa = PBXFileReference; lastKnownFileType = sourcecode.swift; path = AppDelegate.swift; sourceTree = "<group>"; };
		9A48A84E1D6C57CB00C73B09 /* ViewController.swift */ = {isa = PBXFileReference; lastKnownFileType = sourcecode.swift; path = ViewController.swift; sourceTree = "<group>"; };
		9A48A8511D6C57CB00C73B09 /* Base */ = {isa = PBXFileReference; lastKnownFileType = file.storyboard; name = Base; path = Base.lproj/Main.storyboard; sourceTree = "<group>"; };
		9A48A8531D6C57CB00C73B09 /* Assets.xcassets */ = {isa = PBXFileReference; lastKnownFileType = folder.assetcatalog; path = Assets.xcassets; sourceTree = "<group>"; };
		9A48A8561D6C57CB00C73B09 /* Base */ = {isa = PBXFileReference; lastKnownFileType = file.storyboard; name = Base; path = Base.lproj/LaunchScreen.storyboard; sourceTree = "<group>"; };
		9A48A8581D6C57CB00C73B09 /* Info.plist */ = {isa = PBXFileReference; lastKnownFileType = text.plist.xml; path = Info.plist; sourceTree = "<group>"; };
/* End PBXFileReference section */

/* Begin PBXFrameworksBuildPhase section */
		9A48A8461D6C57CB00C73B09 /* Frameworks */ = {
			isa = PBXFrameworksBuildPhase;
			buildActionMask = 2147483647;
			files = (
			);
			runOnlyForDeploymentPostprocessing = 0;
		};
/* End PBXFrameworksBuildPhase section */

/* Begin PBXGroup section */
		9A48A8401D6C57CB00C73B09 = {
			isa = PBXGroup;
			children = (
				9A48A84B1D6C57CB00C73B09 /* web content download */,
				9A48A84A1D6C57CB00C73B09 /* Products */,
			);
			sourceTree = "<group>";
		};
		9A48A84A1D6C57CB00C73B09 /* Products */ = {
			isa = PBXGroup;
			children = (
				9A48A8491D6C57CB00C73B09 /* web content download.app */,
			);
			name = Products;
			sourceTree = "<group>";
		};
		9A48A84B1D6C57CB00C73B09 /* web content download */ = {
			isa = PBXGroup;
			children = (
				9A48A84C1D6C57CB00C73B09 /* AppDelegate.swift */,
				9A48A84E1D6C57CB00C73B09 /* ViewController.swift */,
				9A48A8501D6C57CB00C73B09 /* Main.storyboard */,
				9A48A8531D6C57CB00C73B09 /* Assets.xcassets */,
				9A48A8551D6C57CB00C73B09 /* LaunchScreen.storyboard */,
				9A48A8581D6C57CB00C73B09 /* Info.plist */,
			);
			path = "web content download";
			sourceTree = "<group>";
		};
/* End PBXGroup section */

/* Begin PBXNativeTarget section */
		9A48A8481D6C57CB00C73B09 /* web content download */ = {
			isa = PBXNativeTarget;
			buildConfigurationList = 9A48A85B1D6C57CB00C73B09 /* Build configuration list for PBXNativeTarget "web content download" */;
			buildPhases = (
				9A48A8451D6C57CB00C73B09 /* Sources */,
				9A48A8461D6C57CB00C73B09 /* Frameworks */,
				9A48A8471D6C57CB00C73B09 /* Resources */,
			);
			buildRules = (
			);
			dependencies = (
			);
			name = "web content download";
			productName = "web content download";
			productReference = 9A48A8491D6C57CB00C73B09 /* web content download.app */;
			productType = "com.apple.product-type.application";
		};
/* End PBXNativeTarget section */

/* Begin PBXProject section */
		9A48A8411D6C57CB00C73B09 /* Project object */ = {
			isa = PBXProject;
			attributes = {
				LastSwiftUpdateCheck = 0800;
				LastUpgradeCheck = 0800;
				ORGANIZATIONNAME = "李宝明";
				TargetAttributes = {
					9A48A8481D6C57CB00C73B09 = {
						CreatedOnToolsVersion = 8.0;
						ProvisioningStyle = Automatic;
					};
				};
			};
			buildConfigurationList = 9A48A8441D6C57CB00C73B09 /* Build configuration list for PBXProject "web content download" */;
			compatibilityVersion = "Xcode 3.2";
			developmentRegion = English;
			hasScannedForEncodings = 0;
			knownRegions = (
				en,
				Base,
			);
			mainGroup = 9A48A8401D6C57CB00C73B09;
			productRefGroup = 9A48A84A1D6C57CB00C73B09 /* Products */;
			projectDirPath = "";
			projectRoot = "";
			targets = (
				9A48A8481D6C57CB00C73B09 /* web content download */,
			);
		};
/* End PBXProject section */

/* Begin PBXResourcesBuildPhase section */
		9A48A8471D6C57CB00C73B09 /* Resources */ = {
			isa = PBXResourcesBuildPhase;
			buildActionMask = 2147483647;
			files = (
				9A48A8571D6C57CB00C73B09 /* LaunchScreen.storyboard in Resources */,
				9A48A8541D6C57CB00C73B09 /* Assets.xcassets in Resources */,
				9A48A8521D6C57CB00C73B09 /* Main.storyboard in Resources */,
			);
			runOnlyForDeploymentPostprocessing = 0;
		};
/* End PBXResourcesBuildPhase section */

/* Begin PBXSourcesBuildPhase section */
		9A48A8451D6C57CB00C73B09 /* Sources */ = {
			isa = PBXSourcesBuildPhase;
			buildActionMask = 2147483647;
			files = (
				9A48A84F1D6C57CB00C73B09 /* ViewController.swift in Sources */,
				9A48A84D1D6C57CB00C73B09 /* AppDelegate.swift in Sources */,
			);
			runOnlyForDeploymentPostprocessing = 0;
		};
/* End PBXSourcesBuildPhase section */

/* Begin PBXVariantGroup section */
		9A48A8501D6C57CB00C73B09 /* Main.storyboard */ = {
			isa = PBXVariantGroup;
			children = (
				9A48A8511D6C57CB00C73B09 /* Base */,
			);
			name = Main.storyboard;
			sourceTree = "<group>";
		};
		9A48A8551D6C57CB00C73B09 /* LaunchScreen.storyboard */ = {
			isa = PBXVariantGroup;
			children = (
				9A48A8561D6C57CB00C73B09 /* Base */,
			);
			name = LaunchScreen.storyboard;
			sourceTree = "<group>";
		};
/* End PBXVariantGroup section */

/* Begin XCBuildConfiguration section */
		9A48A8591D6C57CB00C73B09 /* Debug */ = {
			isa = XCBuildConfiguration;
			buildSettings = {
				ALWAYS_SEARCH_USER_PATHS = NO;
				CLANG_ANALYZER_NONNULL = YES;
				CLANG_CXX_LANGUAGE_STANDARD = "gnu++0x";
				CLANG_CXX_LIBRARY = "libc++";
				CLANG_ENABLE_MODULES = YES;
				CLANG_ENABLE_OBJC_ARC = YES;
				CLANG_WARN_BOOL_CONVERSION = YES;
				CLANG_WARN_CONSTANT_CONVERSION = YES;
				CLANG_WARN_DIRECT_OBJC_ISA_USAGE = YES_ERROR;
				CLANG_WARN_DOCUMENTATION_COMMENTS = YES;
				CLANG_WARN_EMPTY_BODY = YES;
				CLANG_WARN_ENUM_CONVERSION = YES;
				CLANG_WARN_INFINITE_RECURSION = YES;
				CLANG_WARN_INT_CONVERSION = YES;
				CLANG_WARN_OBJC_ROOT_CLASS = YES_ERROR;
				CLANG_WARN_SUSPICIOUS_MOVES = YES;
				CLANG_WARN_UNREACHABLE_CODE = YES;
				CLANG_WARN__DUPLICATE_METHOD_MATCH = YES;
				"CODE_SIGN_IDENTITY[sdk=iphoneos*]" = "iPhone Developer";
				COPY_PHASE_STRIP = NO;
				DEBUG_INFORMATION_FORMAT = dwarf;
				ENABLE_STRICT_OBJC_MSGSEND = YES;
				ENABLE_TESTABILITY = YES;
				GCC_C_LANGUAGE_STANDARD = gnu99;
				GCC_DYNAMIC_NO_PIC = NO;
				GCC_NO_COMMON_BLOCKS = YES;
				GCC_OPTIMIZATION_LEVEL = 0;
				GCC_PREPROCESSOR_DEFINITIONS = (
					"DEBUG=1",
					"$(inherited)",
				);
				GCC_WARN_64_TO_32_BIT_CONVERSION = YES;
				GCC_WARN_ABOUT_RETURN_TYPE = YES_ERROR;
				GCC_WARN_UNDECLARED_SELECTOR = YES;
				GCC_WARN_UNINITIALIZED_AUTOS = YES_AGGRESSIVE;
				GCC_WARN_UNUSED_FUNCTION = YES;
				GCC_WARN_UNUSED_VARIABLE = YES;
				IPHONEOS_DEPLOYMENT_TARGET = 10.0;
				MTL_ENABLE_DEBUG_INFO = YES;
				ONLY_ACTIVE_ARCH = YES;
				SDKROOT = iphoneos;
				SWIFT_ACTIVE_COMPILATION_CONDITIONS = DEBUG;
				SWIFT_OPTIMIZATION_LEVEL = "-Onone";
			};
			name = Debug;
		};
		9A48A85A1D6C57CB00C73B09 /* Release */ = {
			isa = XCBuildConfiguration;
			buildSettings = {
				ALWAYS_SEARCH_USER_PATHS = NO;
				CLANG_ANALYZER_NONNULL = YES;
				CLANG_CXX_LANGUAGE_STANDARD = "gnu++0x";
				CLANG_CXX_LIBRARY = "libc++";
				CLANG_ENABLE_MODULES = YES;
				CLANG_ENABLE_OBJC_ARC = YES;
				CLANG_WARN_BOOL_CONVERSION = YES;
				CLANG_WARN_CONSTANT_CONVERSION = YES;
				CLANG_WARN_DIRECT_OBJC_ISA_USAGE = YES_ERROR;
				CLANG_WARN_DOCUMENTATION_COMMENTS = YES;
				CLANG_WARN_EMPTY_BODY = YES;
				CLANG_WARN_ENUM_CONVERSION = YES;
				CLANG_WARN_INFINITE_RECURSION = YES;
				CLANG_WARN_INT_CONVERSION = YES;
				CLANG_WARN_OBJC_ROOT_CLASS = YES_ERROR;
				CLANG_WARN_SUSPICIOUS_MOVES = YES;
				CLANG_WARN_UNREACHABLE_CODE = YES;
				CLANG_WARN__DUPLICATE_METHOD_MATCH = YES;
				"CODE_SIGN_IDENTITY[sdk=iphoneos*]" = "iPhone Developer";
				COPY_PHASE_STRIP = NO;
				DEBUG_INFORMATION_FORMAT = "dwarf-with-dsym";
				ENABLE_NS_ASSERTIONS = NO;
				ENABLE_STRICT_OBJC_MSGSEND = YES;
				GCC_C_LANGUAGE_STANDARD = gnu99;
				GCC_NO_COMMON_BLOCKS = YES;
				GCC_WARN_64_TO_32_BIT_CONVERSION = YES;
				GCC_WARN_ABOUT_RETURN_TYPE = YES_ERROR;
				GCC_WARN_UNDECLARED_SELECTOR = YES;
				GCC_WARN_UNINITIALIZED_AUTOS = YES_AGGRESSIVE;
				GCC_WARN_UNUSED_FUNCTION = YES;
				GCC_WARN_UNUSED_VARIABLE = YES;
				IPHONEOS_DEPLOYMENT_TARGET = 10.0;
				MTL_ENABLE_DEBUG_INFO = NO;
				SDKROOT = iphoneos;
				SWIFT_OPTIMIZATION_LEVEL = "-Owholemodule";
				VALIDATE_PRODUCT = YES;
			};
			name = Release;
		};
		9A48A85C1D6C57CB00C73B09 /* Debug */ = {
			isa = XCBuildConfiguration;
			buildSettings = {
				ASSETCATALOG_COMPILER_APPICON_NAME = AppIcon;
				INFOPLIST_FILE = "web content download/Info.plist";
				LD_RUNPATH_SEARCH_PATHS = "$(inherited) @executable_path/Frameworks";
				PRODUCT_BUNDLE_IDENTIFIER = "com.libaoming.web-content-download";
				PRODUCT_NAME = "$(TARGET_NAME)";
				SWIFT_VERSION = 3.0;
			};
			name = Debug;
		};
		9A48A85D1D6C57CB00C73B09 /* Release */ = {
			isa = XCBuildConfiguration;
			buildSettings = {
				ASSETCATALOG_COMPILER_APPICON_NAME = AppIcon;
				INFOPLIST_FILE = "web content download/Info.plist";
				LD_RUNPATH_SEARCH_PATHS = "$(inherited) @executable_path/Frameworks";
				PRODUCT_BUNDLE_IDENTIFIER = "com.libaoming.web-content-download";
				PRODUCT_NAME = "$(TARGET_NAME)";
				SWIFT_VERSION = 3.0;
			};
			name = Release;
		};
/* End XCBuildConfiguration section */

/* Begin XCConfigurationList section */
		9A48A8441D6C57CB00C73B09 /* Build configuration list for PBXProject "web content download" */ = {
			isa = XCConfigurationList;
			buildConfigurations = (
				9A48A8591D6C57CB00C73B09 /* Debug */,
				9A48A85A1D6C57CB00C73B09 /* Release */,
			);
			defaultConfigurationIsVisible = 0;
			defaultConfigurationName = Release;
		};
		9A48A85B1D6C57CB00C73B09 /* Build configuration list for PBXNativeTarget "web content download" */ = {
			isa = XCConfigurationList;
			buildConfigurations = (
				9A48A85C1D6C57CB00C73B09 /* Debug */,
				9A48A85D1D6C57CB00C73B09 /* Release */,
			);
			defaultConfigurationIsVisible = 0;
		};
/* End XCConfigurationList section */
	};
	rootObject = 9A48A8411D6C57CB00C73B09 /* Project object */;
}
